{
  "version": 4,
  "terraform_version": "0.14.7",
  "serial": 164,
  "lineage": "5c087221-fd65-be51-23ad-320d1f77e5ec",
  "outputs": {},
  "resources": [
    {
      "mode": "managed",
      "type": "aws_db_parameter_group",
      "name": "config-banco",
      "provider": "provider[\"registry.terraform.io/hashicorp/aws\"]",
      "instances": [
        {
          "schema_version": 0,
          "attributes": {
            "arn": "arn:aws:rds:us-east-1:434761106183:pg:config-banco",
            "description": "Configuracoes dos parametros do banco",
            "family": "postgres12",
            "id": "config-banco",
            "name": "config-banco",
            "name_prefix": null,
            "parameter": [
              {
                "apply_method": "immediate",
                "name": "rds.adaptive_autovacuum ",
                "value": "1"
              },
              {
                "apply_method": "pending-reboot",
                "name": "autovacuum",
                "value": "true"
              },
              {
                "apply_method": "pending-reboot",
                "name": "autovacuum_max_workers",
                "value": "3"
              },
              {
                "apply_method": "pending-reboot",
                "name": "client_encoding",
                "value": "utf8"
              },
              {
                "apply_method": "pending-reboot",
                "name": "maintenance_work_mem",
                "value": "65536"
              },
              {
                "apply_method": "pending-reboot",
                "name": "max_connections",
                "value": "105"
              }
            ],
            "tags": null
          },
          "sensitive_attributes": []
        }
      ]
    }
  ]
}
